
Microsoft Visual Studio Solution File, Format Version 12.00
# Visual Studio Version 17
VisualStudioVersion = 17.5.002.0
MinimumVisualStudioVersion = 10.0.40219.1
Project("{9A19103F-16F7-4668-BE54-9A1E7A4F7556}") = "Demo-WebSocket-Server", "Demo-WebSocket-Server.csproj", "{CE42211C-C94C-410C-862D-FB6DEA9C9327}"
EndProject
Global
	GlobalSection(SolutionConfigurationPlatforms) = preSolution
		Debug|Any CPU = Debug|Any CPU
		Release|Any CPU = Release|Any CPU
	EndGlobalSection
	GlobalSection(ProjectConfigurationPlatforms) = postSolution
		{CE42211C-C94C-410C-862D-FB6DEA9C9327}.Debug|Any CPU.ActiveCfg = Debug|Any CPU
		{CE42211C-C94C-410C-862D-FB6DEA9C9327}.Debug|Any CPU.Build.0 = Debug|Any CPU
		{CE42211C-C94C-410C-862D-FB6DEA9C9327}.Release|Any CPU.ActiveCfg = Release|Any CPU
		{CE42211C-C94C-410C-862D-FB6DEA9C9327}.Release|Any CPU.Build.0 = Release|Any CPU
	EndGlobalSection
	GlobalSection(SolutionProperties) = preSolution
		HideSolutionNode = FALSE
	EndGlobalSection
	GlobalSection(ExtensibilityGlobals) = postSolution
		SolutionGuid = {5987AFE2-1495-4592-AF54-5F069E0A03E4}
	EndGlobalSection
EndGlobal
